
Microsoft Visual Studio Solution File, Format Version 12.00
# Visual Studio Version 17
VisualStudioVersion = 17.5.33516.290
MinimumVisualStudioVersion = 10.0.40219.1
Project("{FAE04EC0-301F-11D3-BF4B-00C04F79EFBC}") = "Test homework 4", "Test homework 4\Test homework 4.csproj", "{6AC806A6-23D6-44F6-B7F2-2360816D152E}"
EndProject
Global
	GlobalSection(SolutionConfigurationPlatforms) = preSolution
		Debug|Any CPU = Debug|Any CPU
		Release|Any CPU = Release|Any CPU
	EndGlobalSection
	GlobalSection(ProjectConfigurationPlatforms) = postSolution
		{6AC806A6-23D6-44F6-B7F2-2360816D152E}.Debug|Any CPU.ActiveCfg = Debug|Any CPU
		{6AC806A6-23D6-44F6-B7F2-2360816D152E}.Debug|Any CPU.Build.0 = Debug|Any CPU
		{6AC806A6-23D6-44F6-B7F2-2360816D152E}.Release|Any CPU.ActiveCfg = Release|Any CPU
		{6AC806A6-23D6-44F6-B7F2-2360816D152E}.Release|Any CPU.Build.0 = Release|Any CPU
	EndGlobalSection
	GlobalSection(SolutionProperties) = preSolution
		HideSolutionNode = FALSE
	EndGlobalSection
	GlobalSection(ExtensibilityGlobals) = postSolution
		SolutionGuid = {410E4299-A228-433F-930B-FCB2122A61AD}
	EndGlobalSection
EndGlobal
